
Microsoft Visual Studio Solution File, Format Version 12.00
# Visual Studio Version 16
VisualStudioVersion = 16.0.29613.14
MinimumVisualStudioVersion = 10.0.40219.1
Project("{FAE04EC0-301F-11D3-BF4B-00C04F79EFBC}") = "Symphont LTD", "Symphont LTD\Symphont LTD.csproj", "{C052E002-C19A-46B2-BD92-842C76945187}"
EndProject
Global
	GlobalSection(SolutionConfigurationPlatforms) = preSolution
		Debug|Any CPU = Debug|Any CPU
		Release|Any CPU = Release|Any CPU
	EndGlobalSection
	GlobalSection(ProjectConfigurationPlatforms) = postSolution
		{C052E002-C19A-46B2-BD92-842C76945187}.Debug|Any CPU.ActiveCfg = Debug|Any CPU
		{C052E002-C19A-46B2-BD92-842C76945187}.Debug|Any CPU.Build.0 = Debug|Any CPU
		{C052E002-C19A-46B2-BD92-842C76945187}.Release|Any CPU.ActiveCfg = Release|Any CPU
		{C052E002-C19A-46B2-BD92-842C76945187}.Release|Any CPU.Build.0 = Release|Any CPU
	EndGlobalSection
	GlobalSection(SolutionProperties) = preSolution
		HideSolutionNode = FALSE
	EndGlobalSection
	GlobalSection(ExtensibilityGlobals) = postSolution
		SolutionGuid = {D6581D78-8205-4FEB-8248-6DB36C092401}
	EndGlobalSection
EndGlobal
